
Microsoft Visual Studio Solution File, Format Version 12.00
# Visual Studio Version 17
VisualStudioVersion = 17.7.34221.43
MinimumVisualStudioVersion = 10.0.40219.1
Project("{8BC9CEB8-8B4A-11D0-8D11-00A0C91BC942}") = "CodeLesson_04", "CodeLesson_04\CodeLesson_04.vcxproj", "{CF275A7D-13DE-4A7A-983E-2C24435CB10A}"
EndProject
Global
	GlobalSection(SolutionConfigurationPlatforms) = preSolution
		Debug|x64 = Debug|x64
		Debug|x86 = Debug|x86
		Release|x64 = Release|x64
		Release|x86 = Release|x86
	EndGlobalSection
	GlobalSection(ProjectConfigurationPlatforms) = postSolution
		{CF275A7D-13DE-4A7A-983E-2C24435CB10A}.Debug|x64.ActiveCfg = Debug|x64
		{CF275A7D-13DE-4A7A-983E-2C24435CB10A}.Debug|x64.Build.0 = Debug|x64
		{CF275A7D-13DE-4A7A-983E-2C24435CB10A}.Debug|x86.ActiveCfg = Debug|Win32
		{CF275A7D-13DE-4A7A-983E-2C24435CB10A}.Debug|x86.Build.0 = Debug|Win32
		{CF275A7D-13DE-4A7A-983E-2C24435CB10A}.Release|x64.ActiveCfg = Release|x64
		{CF275A7D-13DE-4A7A-983E-2C24435CB10A}.Release|x64.Build.0 = Release|x64
		{CF275A7D-13DE-4A7A-983E-2C24435CB10A}.Release|x86.ActiveCfg = Release|Win32
		{CF275A7D-13DE-4A7A-983E-2C24435CB10A}.Release|x86.Build.0 = Release|Win32
	EndGlobalSection
	GlobalSection(SolutionProperties) = preSolution
		HideSolutionNode = FALSE
	EndGlobalSection
	GlobalSection(ExtensibilityGlobals) = postSolution
		SolutionGuid = {ADC93DEF-1F53-45AD-829C-4FF411DF3241}
	EndGlobalSection
EndGlobal
